# This file is autogenerated, do not edit; changes may be undone by the next 'dep ensure'.


[[projects]]
  digest = "1:0deddd908b6b4b768cfc272c16ee61e7088a60f7fe2f06c547bd3d8e1f8b8e77"
  name = "github.com/davecgh/go-spew"
  packages = ["spew"]
  pruneopts = ""
  revision = "8991bc29aa16c548c550c7ff78260e27b9ab7c73"
  version = "v1.1.1"

[[projects]]
  digest = "1:a3c01bbe8766cbce019cdb900aa51460a6f7bd4266a18d80722dc92297302bc3"
  name = "github.com/gorilla/mux"
  packages = ["."]
  pruneopts = ""
  revision = "a7962380ca08b5a188038c69871b8d3fbdf31e89"
  version = "v1.7.0"

[[projects]]
  digest = "1:256484dbbcd271f9ecebc6795b2df8cad4c458dd0f5fd82a8c2fa0c29f233411"
  name = "github.com/pmezard/go-difflib"
  packages = ["difflib"]
  pruneopts = ""
  revision = "792786c7400a136282c1664665ae0a8db921c6c2"
  version = "v1.0.0"

[[projects]]
  digest = "1:42a42c4bc67bed17f40fddf0f24d4403e25e7b96488456cf4248e6d16659d370"
  name = "github.com/sirupsen/logrus"
  packages = ["."]
  pruneopts = ""
  revision = "d682213848ed68c0a260ca37d6dd5ace8423f5ba"
  version = "v1.0.4"

[[projects]]
  digest = "1:381bcbeb112a51493d9d998bbba207a529c73dbb49b3fd789e48c63fac1f192c"
  name = "github.com/stretchr/testify"
  packages = ["assert"]
  pruneopts = ""
  revision = "ffdc059bfe9ce6a4e144ba849dbedead332c6053"
  version = "v1.3.0"

[[projects]]
  branch = "master"
  digest = "1:febc7d7c1a817016b83441742910a3eab682d5c64613fcd91fde7ca06107ea49"
  name = "golang.org/x/crypto"
  packages = ["ssh/terminal"]
  pruneopts = ""
  revision = "1875d0a70c90e57f11972aefd42276df65e895b9"

[[projects]]
  branch = "master"
  digest = "1:407b5f905024dd94ee08c1777fabb380fb3d380f92a7f7df2592be005337eeb3"
  name = "golang.org/x/sys"
  packages = [
    "unix",
    "windows",
  ]
  pruneopts = ""
  revision = "37707fdb30a5b38865cfb95e5aab41707daec7fd"

[solve-meta]
  analyzer-name = "dep"
  analyzer-version = 1
  input-imports = [
    "github.com/gorilla/mux",
    "github.com/sirupsen/logrus",
    "github.com/stretchr/testify/assert",
  ]
  solver-name = "gps-cdcl"
  solver-version = 1
